
Microsoft Visual Studio Solution File, Format Version 12.00
# Visual Studio 14
VisualStudioVersion = 14.0.25420.1
MinimumVisualStudioVersion = 10.0.40219.1
Project("{8BC9CEB8-8B4A-11D0-8D11-00A0C91BC942}") = "[kuangbin带你飞]专题三 Dancing Links", "[kuangbin带你飞]专题三 Dancing Links\[kuangbin带你飞]专题三 Dancing Links.vcxproj", "{360DC5AB-7135-4240-8B63-765D9A763C27}"
EndProject
Project("{8BC9CEB8-8B4A-11D0-8D11-00A0C91BC942}") = "[kuangbin带你飞]专题十八 后缀数组", "[kuangbin带你飞]专题十八 后缀数组\[kuangbin带你飞]专题十八 后缀数组.vcxproj", "{0C9EA636-EF03-4AE8-8C52-F3C380874EF0}"
EndProject
Project("{8BC9CEB8-8B4A-11D0-8D11-00A0C91BC942}") = "[kuangbin带你飞]专题十五 数位DP", "[kuangbin带你飞]专题十五 数位DP\[kuangbin带你飞]专题十五 数位DP.vcxproj", "{0FC4D402-CCAE-4991-98C1-7A5A990F1053}"
EndProject
Project("{8BC9CEB8-8B4A-11D0-8D11-00A0C91BC942}") = "TINA集训（八）再探dp", "TINA集训（八）再探\TINA集训（八）再探.vcxproj", "{E82F55C4-85C9-460F-81E6-EE35D537CFF4}"
EndProject
Project("{8BC9CEB8-8B4A-11D0-8D11-00A0C91BC942}") = "多校7", "多校7\多校7.vcxproj", "{62769C92-1B32-4BEA-B672-90F7AAB7ABA7}"
EndProject
Project("{8BC9CEB8-8B4A-11D0-8D11-00A0C91BC942}") = "51nod", "51nod\51nod.vcxproj", "{32A9D307-8CA3-44CC-8B85-30512AF01764}"
EndProject
Project("{8BC9CEB8-8B4A-11D0-8D11-00A0C91BC942}") = "多校8", "多校8\多校8.vcxproj", "{FDD47C4C-9A9E-47B9-8A61-9602C6A837C4}"
EndProject
Project("{8BC9CEB8-8B4A-11D0-8D11-00A0C91BC942}") = "PAT", "PAT\PAT.vcxproj", "{A11334EC-24D3-4970-B90A-B07829FBBEA5}"
EndProject
Project("{8BC9CEB8-8B4A-11D0-8D11-00A0C91BC942}") = "Codeforces Round 429 (Div 2)", "Codeforces Round 429 (Div 2)\Codeforces Round 429 (Div 2).vcxproj", "{F4644DD3-4BA7-46B6-A36E-1F27699F7D08}"
EndProject
Project("{8BC9CEB8-8B4A-11D0-8D11-00A0C91BC942}") = "母函数2", "母函数2\母函数2.vcxproj", "{18F9B711-CBFA-42B2-826F-F71CB32655A2}"
EndProject
Project("{8BC9CEB8-8B4A-11D0-8D11-00A0C91BC942}") = "ICPC 19 网络赛", "ICPC 19 网络赛\ICPC 19 网络赛.vcxproj", "{9A6B9CD9-83C6-474C-A02D-A225F4748CB2}"
EndProject
Project("{8BC9CEB8-8B4A-11D0-8D11-00A0C91BC942}") = "TINA集训（九）", "TINA集训（九）\TINA集训（九）.vcxproj", "{77360775-19E1-41B4-A397-048640B317AA}"
EndProject
Global
	GlobalSection(SolutionConfigurationPlatforms) = preSolution
		Debug|x64 = Debug|x64
		Debug|x86 = Debug|x86
		Release|x64 = Release|x64
		Release|x86 = Release|x86
	EndGlobalSection
	GlobalSection(ProjectConfigurationPlatforms) = postSolution
		{360DC5AB-7135-4240-8B63-765D9A763C27}.Debug|x64.ActiveCfg = Debug|x64
		{360DC5AB-7135-4240-8B63-765D9A763C27}.Debug|x64.Build.0 = Debug|x64
		{360DC5AB-7135-4240-8B63-765D9A763C27}.Debug|x86.ActiveCfg = Debug|Win32
		{360DC5AB-7135-4240-8B63-765D9A763C27}.Debug|x86.Build.0 = Debug|Win32
		{360DC5AB-7135-4240-8B63-765D9A763C27}.Release|x64.ActiveCfg = Release|x64
		{360DC5AB-7135-4240-8B63-765D9A763C27}.Release|x64.Build.0 = Release|x64
		{360DC5AB-7135-4240-8B63-765D9A763C27}.Release|x86.ActiveCfg = Release|Win32
		{360DC5AB-7135-4240-8B63-765D9A763C27}.Release|x86.Build.0 = Release|Win32
		{0C9EA636-EF03-4AE8-8C52-F3C380874EF0}.Debug|x64.ActiveCfg = Debug|x64
		{0C9EA636-EF03-4AE8-8C52-F3C380874EF0}.Debug|x64.Build.0 = Debug|x64
		{0C9EA636-EF03-4AE8-8C52-F3C380874EF0}.Debug|x86.ActiveCfg = Debug|Win32
		{0C9EA636-EF03-4AE8-8C52-F3C380874EF0}.Debug|x86.Build.0 = Debug|Win32
		{0C9EA636-EF03-4AE8-8C52-F3C380874EF0}.Release|x64.ActiveCfg = Release|x64
		{0C9EA636-EF03-4AE8-8C52-F3C380874EF0}.Release|x64.Build.0 = Release|x64
		{0C9EA636-EF03-4AE8-8C52-F3C380874EF0}.Release|x86.ActiveCfg = Release|Win32
		{0C9EA636-EF03-4AE8-8C52-F3C380874EF0}.Release|x86.Build.0 = Release|Win32
		{0FC4D402-CCAE-4991-98C1-7A5A990F1053}.Debug|x64.ActiveCfg = Debug|x64
		{0FC4D402-CCAE-4991-98C1-7A5A990F1053}.Debug|x64.Build.0 = Debug|x64
		{0FC4D402-CCAE-4991-98C1-7A5A990F1053}.Debug|x86.ActiveCfg = Debug|Win32
		{0FC4D402-CCAE-4991-98C1-7A5A990F1053}.Debug|x86.Build.0 = Debug|Win32
		{0FC4D402-CCAE-4991-98C1-7A5A990F1053}.Release|x64.ActiveCfg = Release|x64
		{0FC4D402-CCAE-4991-98C1-7A5A990F1053}.Release|x64.Build.0 = Release|x64
		{0FC4D402-CCAE-4991-98C1-7A5A990F1053}.Release|x86.ActiveCfg = Release|Win32
		{0FC4D402-CCAE-4991-98C1-7A5A990F1053}.Release|x86.Build.0 = Release|Win32
		{E82F55C4-85C9-460F-81E6-EE35D537CFF4}.Debug|x64.ActiveCfg = Debug|x64
		{E82F55C4-85C9-460F-81E6-EE35D537CFF4}.Debug|x64.Build.0 = Debug|x64
		{E82F55C4-85C9-460F-81E6-EE35D537CFF4}.Debug|x86.ActiveCfg = Debug|Win32
		{E82F55C4-85C9-460F-81E6-EE35D537CFF4}.Debug|x86.Build.0 = Debug|Win32
		{E82F55C4-85C9-460F-81E6-EE35D537CFF4}.Release|x64.ActiveCfg = Release|x64
		{E82F55C4-85C9-460F-81E6-EE35D537CFF4}.Release|x64.Build.0 = Release|x64
		{E82F55C4-85C9-460F-81E6-EE35D537CFF4}.Release|x86.ActiveCfg = Release|Win32
		{E82F55C4-85C9-460F-81E6-EE35D537CFF4}.Release|x86.Build.0 = Release|Win32
		{62769C92-1B32-4BEA-B672-90F7AAB7ABA7}.Debug|x64.ActiveCfg = Debug|x64
		{62769C92-1B32-4BEA-B672-90F7AAB7ABA7}.Debug|x64.Build.0 = Debug|x64
		{62769C92-1B32-4BEA-B672-90F7AAB7ABA7}.Debug|x86.ActiveCfg = Debug|Win32
		{62769C92-1B32-4BEA-B672-90F7AAB7ABA7}.Debug|x86.Build.0 = Debug|Win32
		{62769C92-1B32-4BEA-B672-90F7AAB7ABA7}.Release|x64.ActiveCfg = Release|x64
		{62769C92-1B32-4BEA-B672-90F7AAB7ABA7}.Release|x64.Build.0 = Release|x64
		{62769C92-1B32-4BEA-B672-90F7AAB7ABA7}.Release|x86.ActiveCfg = Release|Win32
		{62769C92-1B32-4BEA-B672-90F7AAB7ABA7}.Release|x86.Build.0 = Release|Win32
		{32A9D307-8CA3-44CC-8B85-30512AF01764}.Debug|x64.ActiveCfg = Debug|x64
		{32A9D307-8CA3-44CC-8B85-30512AF01764}.Debug|x64.Build.0 = Debug|x64
		{32A9D307-8CA3-44CC-8B85-30512AF01764}.Debug|x86.ActiveCfg = Debug|Win32
		{32A9D307-8CA3-44CC-8B85-30512AF01764}.Debug|x86.Build.0 = Debug|Win32
		{32A9D307-8CA3-44CC-8B85-30512AF01764}.Release|x64.ActiveCfg = Release|x64
		{32A9D307-8CA3-44CC-8B85-30512AF01764}.Release|x64.Build.0 = Release|x64
		{32A9D307-8CA3-44CC-8B85-30512AF01764}.Release|x86.ActiveCfg = Release|Win32
		{32A9D307-8CA3-44CC-8B85-30512AF01764}.Release|x86.Build.0 = Release|Win32
		{FDD47C4C-9A9E-47B9-8A61-9602C6A837C4}.Debug|x64.ActiveCfg = Debug|x64
		{FDD47C4C-9A9E-47B9-8A61-9602C6A837C4}.Debug|x64.Build.0 = Debug|x64
		{FDD47C4C-9A9E-47B9-8A61-9602C6A837C4}.Debug|x86.ActiveCfg = Debug|Win32
		{FDD47C4C-9A9E-47B9-8A61-9602C6A837C4}.Debug|x86.Build.0 = Debug|Win32
		{FDD47C4C-9A9E-47B9-8A61-9602C6A837C4}.Release|x64.ActiveCfg = Release|x64
		{FDD47C4C-9A9E-47B9-8A61-9602C6A837C4}.Release|x64.Build.0 = Release|x64
		{FDD47C4C-9A9E-47B9-8A61-9602C6A837C4}.Release|x86.ActiveCfg = Release|Win32
		{FDD47C4C-9A9E-47B9-8A61-9602C6A837C4}.Release|x86.Build.0 = Release|Win32
		{A11334EC-24D3-4970-B90A-B07829FBBEA5}.Debug|x64.ActiveCfg = Debug|x64
		{A11334EC-24D3-4970-B90A-B07829FBBEA5}.Debug|x64.Build.0 = Debug|x64
		{A11334EC-24D3-4970-B90A-B07829FBBEA5}.Debug|x86.ActiveCfg = Debug|Win32
		{A11334EC-24D3-4970-B90A-B07829FBBEA5}.Debug|x86.Build.0 = Debug|Win32
		{A11334EC-24D3-4970-B90A-B07829FBBEA5}.Release|x64.ActiveCfg = Release|x64
		{A11334EC-24D3-4970-B90A-B07829FBBEA5}.Release|x64.Build.0 = Release|x64
		{A11334EC-24D3-4970-B90A-B07829FBBEA5}.Release|x86.ActiveCfg = Release|Win32
		{A11334EC-24D3-4970-B90A-B07829FBBEA5}.Release|x86.Build.0 = Release|Win32
		{F4644DD3-4BA7-46B6-A36E-1F27699F7D08}.Debug|x64.ActiveCfg = Debug|x64
		{F4644DD3-4BA7-46B6-A36E-1F27699F7D08}.Debug|x64.Build.0 = Debug|x64
		{F4644DD3-4BA7-46B6-A36E-1F27699F7D08}.Debug|x86.ActiveCfg = Debug|Win32
		{F4644DD3-4BA7-46B6-A36E-1F27699F7D08}.Debug|x86.Build.0 = Debug|Win32
		{F4644DD3-4BA7-46B6-A36E-1F27699F7D08}.Release|x64.ActiveCfg = Release|x64
		{F4644DD3-4BA7-46B6-A36E-1F27699F7D08}.Release|x64.Build.0 = Release|x64
		{F4644DD3-4BA7-46B6-A36E-1F27699F7D08}.Release|x86.ActiveCfg = Release|Win32
		{F4644DD3-4BA7-46B6-A36E-1F27699F7D08}.Release|x86.Build.0 = Release|Win32
		{18F9B711-CBFA-42B2-826F-F71CB32655A2}.Debug|x64.ActiveCfg = Debug|x64
		{18F9B711-CBFA-42B2-826F-F71CB32655A2}.Debug|x64.Build.0 = Debug|x64
		{18F9B711-CBFA-42B2-826F-F71CB32655A2}.Debug|x86.ActiveCfg = Debug|Win32
		{18F9B711-CBFA-42B2-826F-F71CB32655A2}.Debug|x86.Build.0 = Debug|Win32
		{18F9B711-CBFA-42B2-826F-F71CB32655A2}.Release|x64.ActiveCfg = Release|x64
		{18F9B711-CBFA-42B2-826F-F71CB32655A2}.Release|x64.Build.0 = Release|x64
		{18F9B711-CBFA-42B2-826F-F71CB32655A2}.Release|x86.ActiveCfg = Release|Win32
		{18F9B711-CBFA-42B2-826F-F71CB32655A2}.Release|x86.Build.0 = Release|Win32
		{9A6B9CD9-83C6-474C-A02D-A225F4748CB2}.Debug|x64.ActiveCfg = Debug|x64
		{9A6B9CD9-83C6-474C-A02D-A225F4748CB2}.Debug|x64.Build.0 = Debug|x64
		{9A6B9CD9-83C6-474C-A02D-A225F4748CB2}.Debug|x86.ActiveCfg = Debug|Win32
		{9A6B9CD9-83C6-474C-A02D-A225F4748CB2}.Debug|x86.Build.0 = Debug|Win32
		{9A6B9CD9-83C6-474C-A02D-A225F4748CB2}.Release|x64.ActiveCfg = Release|x64
		{9A6B9CD9-83C6-474C-A02D-A225F4748CB2}.Release|x64.Build.0 = Release|x64
		{9A6B9CD9-83C6-474C-A02D-A225F4748CB2}.Release|x86.ActiveCfg = Release|Win32
		{9A6B9CD9-83C6-474C-A02D-A225F4748CB2}.Release|x86.Build.0 = Release|Win32
		{77360775-19E1-41B4-A397-048640B317AA}.Debug|x64.ActiveCfg = Debug|x64
		{77360775-19E1-41B4-A397-048640B317AA}.Debug|x64.Build.0 = Debug|x64
		{77360775-19E1-41B4-A397-048640B317AA}.Debug|x86.ActiveCfg = Debug|Win32
		{77360775-19E1-41B4-A397-048640B317AA}.Debug|x86.Build.0 = Debug|Win32
		{77360775-19E1-41B4-A397-048640B317AA}.Release|x64.ActiveCfg = Release|x64
		{77360775-19E1-41B4-A397-048640B317AA}.Release|x64.Build.0 = Release|x64
		{77360775-19E1-41B4-A397-048640B317AA}.Release|x86.ActiveCfg = Release|Win32
		{77360775-19E1-41B4-A397-048640B317AA}.Release|x86.Build.0 = Release|Win32
	EndGlobalSection
	GlobalSection(SolutionProperties) = preSolution
		HideSolutionNode = FALSE
	EndGlobalSection
EndGlobal
