
Microsoft Visual Studio Solution File, Format Version 12.00
# Visual Studio 14
VisualStudioVersion = 14.0.25420.1
MinimumVisualStudioVersion = 10.0.40219.1
Project("{8BC9CEB8-8B4A-11D0-8D11-00A0C91BC942}") = "TINA1 贪心+思维", "TINA1\TINA1.vcxproj", "{3CD494A9-B53C-4DAF-80B4-CAC2411E4F0B}"
EndProject
Project("{8BC9CEB8-8B4A-11D0-8D11-00A0C91BC942}") = "TINA2 动规", "TINA2 动规\TINA2 动规.vcxproj", "{18BBF9FA-6424-4F18-8B6C-A365AB994B88}"
EndProject
Project("{8BC9CEB8-8B4A-11D0-8D11-00A0C91BC942}") = "TINA 3 二分", "TINA 3 二分\TINA 3 二分.vcxproj", "{804BA54B-EBA8-405F-AAED-B275F7A4C0BF}"
EndProject
Project("{8BC9CEB8-8B4A-11D0-8D11-00A0C91BC942}") = "手速1", "手速1\手速1.vcxproj", "{ED9F3F4D-BA8B-4D2C-B067-941CC3C558C6}"
EndProject
Project("{8BC9CEB8-8B4A-11D0-8D11-00A0C91BC942}") = "线段树专题", "线段树专题\线段树专题.vcxproj", "{BE7D29D4-5A53-4BCA-85B8-C0A0DD510742}"
EndProject
Project("{8BC9CEB8-8B4A-11D0-8D11-00A0C91BC942}") = "CF 425", "CF 425\CF 425.vcxproj", "{776C1F30-FDB3-444E-A406-35BE7EF87831}"
EndProject
Project("{8BC9CEB8-8B4A-11D0-8D11-00A0C91BC942}") = "多校1", "多校1\多校1.vcxproj", "{67B19844-BDC7-40F1-9F76-CE4B1E68CBF2}"
EndProject
Project("{8BC9CEB8-8B4A-11D0-8D11-00A0C91BC942}") = "51nod", "51nod\51nod.vcxproj", "{3FB8FC82-599E-4C9B-AFF0-B9013DFA003B}"
EndProject
Project("{8BC9CEB8-8B4A-11D0-8D11-00A0C91BC942}") = "LCA(最近公共祖先)专题", "LCA(最近公共祖先)专题\LCA(最近公共祖先)专题.vcxproj", "{F3C8E587-42AF-4B08-8142-357696FAA964}"
EndProject
Project("{8BC9CEB8-8B4A-11D0-8D11-00A0C91BC942}") = "RMQ算法", "RMQ算法\RMQ算法.vcxproj", "{7CA5E740-80BF-4A04-9B6D-BAC9C928A3A5}"
EndProject
Project("{8BC9CEB8-8B4A-11D0-8D11-00A0C91BC942}") = "并查集专题", "并查集专题\并查集专题.vcxproj", "{5F7DAC4A-CCA9-473A-8C54-387BDA0B67DE}"
EndProject
Project("{8BC9CEB8-8B4A-11D0-8D11-00A0C91BC942}") = "最短路专题", "最短路专题\最短路专题.vcxproj", "{0A932348-8A2B-45D2-9F7A-4F690027322D}"
EndProject
Project("{8BC9CEB8-8B4A-11D0-8D11-00A0C91BC942}") = "DP专题", "DP专题\DP专题.vcxproj", "{A46D20F5-97A6-4ABF-AD96-491F47FA5821}"
EndProject
Project("{8BC9CEB8-8B4A-11D0-8D11-00A0C91BC942}") = "[kuangbin带你飞]专题一 简单搜索", "[kuangbin带你飞]专题一 简单搜索\[kuangbin带你飞]专题一 简单搜索.vcxproj", "{189DC324-DDEA-476B-932B-5FE67DC8C5E8}"
EndProject
Project("{8BC9CEB8-8B4A-11D0-8D11-00A0C91BC942}") = "多校2", "多校2\多校2.vcxproj", "{F12E5383-1139-4AE2-9F3D-1953C002E84E}"
EndProject
Project("{8BC9CEB8-8B4A-11D0-8D11-00A0C91BC942}") = "[kuangbin带你飞]专题二 搜索进阶", "[kuangbin带你飞]专题二 搜索进阶\[kuangbin带你飞]专题二 搜索进阶.vcxproj", "{A11D8D8E-9566-4D39-AE8B-28F777E5ABAD}"
EndProject
Project("{8BC9CEB8-8B4A-11D0-8D11-00A0C91BC942}") = "51nod 算法马拉松27", "51nod 算法马拉松27\51nod 算法马拉松27.vcxproj", "{24306BF1-CAA1-4E97-877E-9FFCDAECB079}"
EndProject
Project("{8BC9CEB8-8B4A-11D0-8D11-00A0C91BC942}") = "玲珑杯 19", "玲珑杯 19\玲珑杯 19.vcxproj", "{A101361C-9EFF-40D7-9720-7ABA26C33BB3}"
EndProject
Project("{8BC9CEB8-8B4A-11D0-8D11-00A0C91BC942}") = "[kuangbin带你飞]专题四 最短路练习", "[kuangbin带你飞]专题四 最短路练习\[kuangbin带你飞]专题四 最短路练习.vcxproj", "{874C0CCE-8F69-4656-85E4-B0282E2C8827}"
EndProject
Project("{8BC9CEB8-8B4A-11D0-8D11-00A0C91BC942}") = "CF 426", "CF 426\CF 426.vcxproj", "{BBCA7700-17F4-45AC-8E5B-1AFCF286D751}"
EndProject
Global
	GlobalSection(SolutionConfigurationPlatforms) = preSolution
		Debug|x64 = Debug|x64
		Debug|x86 = Debug|x86
		Release|x64 = Release|x64
		Release|x86 = Release|x86
	EndGlobalSection
	GlobalSection(ProjectConfigurationPlatforms) = postSolution
		{3CD494A9-B53C-4DAF-80B4-CAC2411E4F0B}.Debug|x64.ActiveCfg = Debug|x64
		{3CD494A9-B53C-4DAF-80B4-CAC2411E4F0B}.Debug|x64.Build.0 = Debug|x64
		{3CD494A9-B53C-4DAF-80B4-CAC2411E4F0B}.Debug|x86.ActiveCfg = Debug|Win32
		{3CD494A9-B53C-4DAF-80B4-CAC2411E4F0B}.Debug|x86.Build.0 = Debug|Win32
		{3CD494A9-B53C-4DAF-80B4-CAC2411E4F0B}.Release|x64.ActiveCfg = Release|x64
		{3CD494A9-B53C-4DAF-80B4-CAC2411E4F0B}.Release|x64.Build.0 = Release|x64
		{3CD494A9-B53C-4DAF-80B4-CAC2411E4F0B}.Release|x86.ActiveCfg = Release|Win32
		{3CD494A9-B53C-4DAF-80B4-CAC2411E4F0B}.Release|x86.Build.0 = Release|Win32
		{18BBF9FA-6424-4F18-8B6C-A365AB994B88}.Debug|x64.ActiveCfg = Debug|x64
		{18BBF9FA-6424-4F18-8B6C-A365AB994B88}.Debug|x64.Build.0 = Debug|x64
		{18BBF9FA-6424-4F18-8B6C-A365AB994B88}.Debug|x86.ActiveCfg = Debug|Win32
		{18BBF9FA-6424-4F18-8B6C-A365AB994B88}.Debug|x86.Build.0 = Debug|Win32
		{18BBF9FA-6424-4F18-8B6C-A365AB994B88}.Release|x64.ActiveCfg = Release|x64
		{18BBF9FA-6424-4F18-8B6C-A365AB994B88}.Release|x64.Build.0 = Release|x64
		{18BBF9FA-6424-4F18-8B6C-A365AB994B88}.Release|x86.ActiveCfg = Release|Win32
		{18BBF9FA-6424-4F18-8B6C-A365AB994B88}.Release|x86.Build.0 = Release|Win32
		{804BA54B-EBA8-405F-AAED-B275F7A4C0BF}.Debug|x64.ActiveCfg = Debug|x64
		{804BA54B-EBA8-405F-AAED-B275F7A4C0BF}.Debug|x64.Build.0 = Debug|x64
		{804BA54B-EBA8-405F-AAED-B275F7A4C0BF}.Debug|x86.ActiveCfg = Debug|Win32
		{804BA54B-EBA8-405F-AAED-B275F7A4C0BF}.Debug|x86.Build.0 = Debug|Win32
		{804BA54B-EBA8-405F-AAED-B275F7A4C0BF}.Release|x64.ActiveCfg = Release|x64
		{804BA54B-EBA8-405F-AAED-B275F7A4C0BF}.Release|x64.Build.0 = Release|x64
		{804BA54B-EBA8-405F-AAED-B275F7A4C0BF}.Release|x86.ActiveCfg = Release|Win32
		{804BA54B-EBA8-405F-AAED-B275F7A4C0BF}.Release|x86.Build.0 = Release|Win32
		{ED9F3F4D-BA8B-4D2C-B067-941CC3C558C6}.Debug|x64.ActiveCfg = Debug|x64
		{ED9F3F4D-BA8B-4D2C-B067-941CC3C558C6}.Debug|x64.Build.0 = Debug|x64
		{ED9F3F4D-BA8B-4D2C-B067-941CC3C558C6}.Debug|x86.ActiveCfg = Debug|Win32
		{ED9F3F4D-BA8B-4D2C-B067-941CC3C558C6}.Debug|x86.Build.0 = Debug|Win32
		{ED9F3F4D-BA8B-4D2C-B067-941CC3C558C6}.Release|x64.ActiveCfg = Release|x64
		{ED9F3F4D-BA8B-4D2C-B067-941CC3C558C6}.Release|x64.Build.0 = Release|x64
		{ED9F3F4D-BA8B-4D2C-B067-941CC3C558C6}.Release|x86.ActiveCfg = Release|Win32
		{ED9F3F4D-BA8B-4D2C-B067-941CC3C558C6}.Release|x86.Build.0 = Release|Win32
		{BE7D29D4-5A53-4BCA-85B8-C0A0DD510742}.Debug|x64.ActiveCfg = Debug|x64
		{BE7D29D4-5A53-4BCA-85B8-C0A0DD510742}.Debug|x64.Build.0 = Debug|x64
		{BE7D29D4-5A53-4BCA-85B8-C0A0DD510742}.Debug|x86.ActiveCfg = Debug|Win32
		{BE7D29D4-5A53-4BCA-85B8-C0A0DD510742}.Debug|x86.Build.0 = Debug|Win32
		{BE7D29D4-5A53-4BCA-85B8-C0A0DD510742}.Release|x64.ActiveCfg = Release|x64
		{BE7D29D4-5A53-4BCA-85B8-C0A0DD510742}.Release|x64.Build.0 = Release|x64
		{BE7D29D4-5A53-4BCA-85B8-C0A0DD510742}.Release|x86.ActiveCfg = Release|Win32
		{BE7D29D4-5A53-4BCA-85B8-C0A0DD510742}.Release|x86.Build.0 = Release|Win32
		{776C1F30-FDB3-444E-A406-35BE7EF87831}.Debug|x64.ActiveCfg = Debug|x64
		{776C1F30-FDB3-444E-A406-35BE7EF87831}.Debug|x64.Build.0 = Debug|x64
		{776C1F30-FDB3-444E-A406-35BE7EF87831}.Debug|x86.ActiveCfg = Debug|Win32
		{776C1F30-FDB3-444E-A406-35BE7EF87831}.Debug|x86.Build.0 = Debug|Win32
		{776C1F30-FDB3-444E-A406-35BE7EF87831}.Release|x64.ActiveCfg = Release|x64
		{776C1F30-FDB3-444E-A406-35BE7EF87831}.Release|x64.Build.0 = Release|x64
		{776C1F30-FDB3-444E-A406-35BE7EF87831}.Release|x86.ActiveCfg = Release|Win32
		{776C1F30-FDB3-444E-A406-35BE7EF87831}.Release|x86.Build.0 = Release|Win32
		{67B19844-BDC7-40F1-9F76-CE4B1E68CBF2}.Debug|x64.ActiveCfg = Debug|x64
		{67B19844-BDC7-40F1-9F76-CE4B1E68CBF2}.Debug|x64.Build.0 = Debug|x64
		{67B19844-BDC7-40F1-9F76-CE4B1E68CBF2}.Debug|x86.ActiveCfg = Debug|Win32
		{67B19844-BDC7-40F1-9F76-CE4B1E68CBF2}.Debug|x86.Build.0 = Debug|Win32
		{67B19844-BDC7-40F1-9F76-CE4B1E68CBF2}.Release|x64.ActiveCfg = Release|x64
		{67B19844-BDC7-40F1-9F76-CE4B1E68CBF2}.Release|x64.Build.0 = Release|x64
		{67B19844-BDC7-40F1-9F76-CE4B1E68CBF2}.Release|x86.ActiveCfg = Release|Win32
		{67B19844-BDC7-40F1-9F76-CE4B1E68CBF2}.Release|x86.Build.0 = Release|Win32
		{3FB8FC82-599E-4C9B-AFF0-B9013DFA003B}.Debug|x64.ActiveCfg = Debug|x64
		{3FB8FC82-599E-4C9B-AFF0-B9013DFA003B}.Debug|x64.Build.0 = Debug|x64
		{3FB8FC82-599E-4C9B-AFF0-B9013DFA003B}.Debug|x86.ActiveCfg = Debug|Win32
		{3FB8FC82-599E-4C9B-AFF0-B9013DFA003B}.Debug|x86.Build.0 = Debug|Win32
		{3FB8FC82-599E-4C9B-AFF0-B9013DFA003B}.Release|x64.ActiveCfg = Release|x64
		{3FB8FC82-599E-4C9B-AFF0-B9013DFA003B}.Release|x64.Build.0 = Release|x64
		{3FB8FC82-599E-4C9B-AFF0-B9013DFA003B}.Release|x86.ActiveCfg = Release|Win32
		{3FB8FC82-599E-4C9B-AFF0-B9013DFA003B}.Release|x86.Build.0 = Release|Win32
		{F3C8E587-42AF-4B08-8142-357696FAA964}.Debug|x64.ActiveCfg = Debug|x64
		{F3C8E587-42AF-4B08-8142-357696FAA964}.Debug|x64.Build.0 = Debug|x64
		{F3C8E587-42AF-4B08-8142-357696FAA964}.Debug|x86.ActiveCfg = Debug|Win32
		{F3C8E587-42AF-4B08-8142-357696FAA964}.Debug|x86.Build.0 = Debug|Win32
		{F3C8E587-42AF-4B08-8142-357696FAA964}.Release|x64.ActiveCfg = Release|x64
		{F3C8E587-42AF-4B08-8142-357696FAA964}.Release|x64.Build.0 = Release|x64
		{F3C8E587-42AF-4B08-8142-357696FAA964}.Release|x86.ActiveCfg = Release|Win32
		{F3C8E587-42AF-4B08-8142-357696FAA964}.Release|x86.Build.0 = Release|Win32
		{7CA5E740-80BF-4A04-9B6D-BAC9C928A3A5}.Debug|x64.ActiveCfg = Debug|x64
		{7CA5E740-80BF-4A04-9B6D-BAC9C928A3A5}.Debug|x64.Build.0 = Debug|x64
		{7CA5E740-80BF-4A04-9B6D-BAC9C928A3A5}.Debug|x86.ActiveCfg = Debug|Win32
		{7CA5E740-80BF-4A04-9B6D-BAC9C928A3A5}.Debug|x86.Build.0 = Debug|Win32
		{7CA5E740-80BF-4A04-9B6D-BAC9C928A3A5}.Release|x64.ActiveCfg = Release|x64
		{7CA5E740-80BF-4A04-9B6D-BAC9C928A3A5}.Release|x64.Build.0 = Release|x64
		{7CA5E740-80BF-4A04-9B6D-BAC9C928A3A5}.Release|x86.ActiveCfg = Release|Win32
		{7CA5E740-80BF-4A04-9B6D-BAC9C928A3A5}.Release|x86.Build.0 = Release|Win32
		{5F7DAC4A-CCA9-473A-8C54-387BDA0B67DE}.Debug|x64.ActiveCfg = Debug|x64
		{5F7DAC4A-CCA9-473A-8C54-387BDA0B67DE}.Debug|x64.Build.0 = Debug|x64
		{5F7DAC4A-CCA9-473A-8C54-387BDA0B67DE}.Debug|x86.ActiveCfg = Debug|Win32
		{5F7DAC4A-CCA9-473A-8C54-387BDA0B67DE}.Debug|x86.Build.0 = Debug|Win32
		{5F7DAC4A-CCA9-473A-8C54-387BDA0B67DE}.Release|x64.ActiveCfg = Release|x64
		{5F7DAC4A-CCA9-473A-8C54-387BDA0B67DE}.Release|x64.Build.0 = Release|x64
		{5F7DAC4A-CCA9-473A-8C54-387BDA0B67DE}.Release|x86.ActiveCfg = Release|Win32
		{5F7DAC4A-CCA9-473A-8C54-387BDA0B67DE}.Release|x86.Build.0 = Release|Win32
		{0A932348-8A2B-45D2-9F7A-4F690027322D}.Debug|x64.ActiveCfg = Debug|x64
		{0A932348-8A2B-45D2-9F7A-4F690027322D}.Debug|x64.Build.0 = Debug|x64
		{0A932348-8A2B-45D2-9F7A-4F690027322D}.Debug|x86.ActiveCfg = Debug|Win32
		{0A932348-8A2B-45D2-9F7A-4F690027322D}.Debug|x86.Build.0 = Debug|Win32
		{0A932348-8A2B-45D2-9F7A-4F690027322D}.Release|x64.ActiveCfg = Release|x64
		{0A932348-8A2B-45D2-9F7A-4F690027322D}.Release|x64.Build.0 = Release|x64
		{0A932348-8A2B-45D2-9F7A-4F690027322D}.Release|x86.ActiveCfg = Release|Win32
		{0A932348-8A2B-45D2-9F7A-4F690027322D}.Release|x86.Build.0 = Release|Win32
		{A46D20F5-97A6-4ABF-AD96-491F47FA5821}.Debug|x64.ActiveCfg = Debug|x64
		{A46D20F5-97A6-4ABF-AD96-491F47FA5821}.Debug|x64.Build.0 = Debug|x64
		{A46D20F5-97A6-4ABF-AD96-491F47FA5821}.Debug|x86.ActiveCfg = Debug|Win32
		{A46D20F5-97A6-4ABF-AD96-491F47FA5821}.Debug|x86.Build.0 = Debug|Win32
		{A46D20F5-97A6-4ABF-AD96-491F47FA5821}.Release|x64.ActiveCfg = Release|x64
		{A46D20F5-97A6-4ABF-AD96-491F47FA5821}.Release|x64.Build.0 = Release|x64
		{A46D20F5-97A6-4ABF-AD96-491F47FA5821}.Release|x86.ActiveCfg = Release|Win32
		{A46D20F5-97A6-4ABF-AD96-491F47FA5821}.Release|x86.Build.0 = Release|Win32
		{189DC324-DDEA-476B-932B-5FE67DC8C5E8}.Debug|x64.ActiveCfg = Debug|x64
		{189DC324-DDEA-476B-932B-5FE67DC8C5E8}.Debug|x64.Build.0 = Debug|x64
		{189DC324-DDEA-476B-932B-5FE67DC8C5E8}.Debug|x86.ActiveCfg = Debug|Win32
		{189DC324-DDEA-476B-932B-5FE67DC8C5E8}.Debug|x86.Build.0 = Debug|Win32
		{189DC324-DDEA-476B-932B-5FE67DC8C5E8}.Release|x64.ActiveCfg = Release|x64
		{189DC324-DDEA-476B-932B-5FE67DC8C5E8}.Release|x64.Build.0 = Release|x64
		{189DC324-DDEA-476B-932B-5FE67DC8C5E8}.Release|x86.ActiveCfg = Release|Win32
		{189DC324-DDEA-476B-932B-5FE67DC8C5E8}.Release|x86.Build.0 = Release|Win32
		{F12E5383-1139-4AE2-9F3D-1953C002E84E}.Debug|x64.ActiveCfg = Debug|x64
		{F12E5383-1139-4AE2-9F3D-1953C002E84E}.Debug|x64.Build.0 = Debug|x64
		{F12E5383-1139-4AE2-9F3D-1953C002E84E}.Debug|x86.ActiveCfg = Debug|Win32
		{F12E5383-1139-4AE2-9F3D-1953C002E84E}.Debug|x86.Build.0 = Debug|Win32
		{F12E5383-1139-4AE2-9F3D-1953C002E84E}.Release|x64.ActiveCfg = Release|x64
		{F12E5383-1139-4AE2-9F3D-1953C002E84E}.Release|x64.Build.0 = Release|x64
		{F12E5383-1139-4AE2-9F3D-1953C002E84E}.Release|x86.ActiveCfg = Release|Win32
		{F12E5383-1139-4AE2-9F3D-1953C002E84E}.Release|x86.Build.0 = Release|Win32
		{A11D8D8E-9566-4D39-AE8B-28F777E5ABAD}.Debug|x64.ActiveCfg = Debug|x64
		{A11D8D8E-9566-4D39-AE8B-28F777E5ABAD}.Debug|x64.Build.0 = Debug|x64
		{A11D8D8E-9566-4D39-AE8B-28F777E5ABAD}.Debug|x86.ActiveCfg = Debug|Win32
		{A11D8D8E-9566-4D39-AE8B-28F777E5ABAD}.Debug|x86.Build.0 = Debug|Win32
		{A11D8D8E-9566-4D39-AE8B-28F777E5ABAD}.Release|x64.ActiveCfg = Release|x64
		{A11D8D8E-9566-4D39-AE8B-28F777E5ABAD}.Release|x64.Build.0 = Release|x64
		{A11D8D8E-9566-4D39-AE8B-28F777E5ABAD}.Release|x86.ActiveCfg = Release|Win32
		{A11D8D8E-9566-4D39-AE8B-28F777E5ABAD}.Release|x86.Build.0 = Release|Win32
		{24306BF1-CAA1-4E97-877E-9FFCDAECB079}.Debug|x64.ActiveCfg = Debug|x64
		{24306BF1-CAA1-4E97-877E-9FFCDAECB079}.Debug|x64.Build.0 = Debug|x64
		{24306BF1-CAA1-4E97-877E-9FFCDAECB079}.Debug|x86.ActiveCfg = Debug|Win32
		{24306BF1-CAA1-4E97-877E-9FFCDAECB079}.Debug|x86.Build.0 = Debug|Win32
		{24306BF1-CAA1-4E97-877E-9FFCDAECB079}.Release|x64.ActiveCfg = Release|x64
		{24306BF1-CAA1-4E97-877E-9FFCDAECB079}.Release|x64.Build.0 = Release|x64
		{24306BF1-CAA1-4E97-877E-9FFCDAECB079}.Release|x86.ActiveCfg = Release|Win32
		{24306BF1-CAA1-4E97-877E-9FFCDAECB079}.Release|x86.Build.0 = Release|Win32
		{A101361C-9EFF-40D7-9720-7ABA26C33BB3}.Debug|x64.ActiveCfg = Debug|x64
		{A101361C-9EFF-40D7-9720-7ABA26C33BB3}.Debug|x64.Build.0 = Debug|x64
		{A101361C-9EFF-40D7-9720-7ABA26C33BB3}.Debug|x86.ActiveCfg = Debug|Win32
		{A101361C-9EFF-40D7-9720-7ABA26C33BB3}.Debug|x86.Build.0 = Debug|Win32
		{A101361C-9EFF-40D7-9720-7ABA26C33BB3}.Release|x64.ActiveCfg = Release|x64
		{A101361C-9EFF-40D7-9720-7ABA26C33BB3}.Release|x64.Build.0 = Release|x64
		{A101361C-9EFF-40D7-9720-7ABA26C33BB3}.Release|x86.ActiveCfg = Release|Win32
		{A101361C-9EFF-40D7-9720-7ABA26C33BB3}.Release|x86.Build.0 = Release|Win32
		{874C0CCE-8F69-4656-85E4-B0282E2C8827}.Debug|x64.ActiveCfg = Debug|x64
		{874C0CCE-8F69-4656-85E4-B0282E2C8827}.Debug|x64.Build.0 = Debug|x64
		{874C0CCE-8F69-4656-85E4-B0282E2C8827}.Debug|x86.ActiveCfg = Debug|Win32
		{874C0CCE-8F69-4656-85E4-B0282E2C8827}.Debug|x86.Build.0 = Debug|Win32
		{874C0CCE-8F69-4656-85E4-B0282E2C8827}.Release|x64.ActiveCfg = Release|x64
		{874C0CCE-8F69-4656-85E4-B0282E2C8827}.Release|x64.Build.0 = Release|x64
		{874C0CCE-8F69-4656-85E4-B0282E2C8827}.Release|x86.ActiveCfg = Release|Win32
		{874C0CCE-8F69-4656-85E4-B0282E2C8827}.Release|x86.Build.0 = Release|Win32
		{BBCA7700-17F4-45AC-8E5B-1AFCF286D751}.Debug|x64.ActiveCfg = Debug|x64
		{BBCA7700-17F4-45AC-8E5B-1AFCF286D751}.Debug|x64.Build.0 = Debug|x64
		{BBCA7700-17F4-45AC-8E5B-1AFCF286D751}.Debug|x86.ActiveCfg = Debug|Win32
		{BBCA7700-17F4-45AC-8E5B-1AFCF286D751}.Debug|x86.Build.0 = Debug|Win32
		{BBCA7700-17F4-45AC-8E5B-1AFCF286D751}.Release|x64.ActiveCfg = Release|x64
		{BBCA7700-17F4-45AC-8E5B-1AFCF286D751}.Release|x64.Build.0 = Release|x64
		{BBCA7700-17F4-45AC-8E5B-1AFCF286D751}.Release|x86.ActiveCfg = Release|Win32
		{BBCA7700-17F4-45AC-8E5B-1AFCF286D751}.Release|x86.Build.0 = Release|Win32
	EndGlobalSection
	GlobalSection(SolutionProperties) = preSolution
		HideSolutionNode = FALSE
	EndGlobalSection
EndGlobal
