
Microsoft Visual Studio Solution File, Format Version 12.00
# Visual Studio 14
VisualStudioVersion = 14.0.25420.1
MinimumVisualStudioVersion = 10.0.40219.1
Project("{8BC9CEB8-8B4A-11D0-8D11-00A0C91BC942}") = "TINA集训（四）动态规划 （2）", "TINA集训（四）动态规划 （2）\TINA集训（四）动态规划 （2）.vcxproj", "{5DB20612-9E66-4A4D-8EDD-046E657232AB}"
EndProject
Project("{8BC9CEB8-8B4A-11D0-8D11-00A0C91BC942}") = "TINA集训（五）树状数组线段树 8.4-8.6", "TINA集训（五）树状数组线段树 8.4-8.6\TINA集训（五）树状数组线段树 8.4-8.6.vcxproj", "{3672D5D4-E48A-4047-9596-C51A27169559}"
EndProject
Project("{8BC9CEB8-8B4A-11D0-8D11-00A0C91BC942}") = "CF 427", "CF 427\CF 427.vcxproj", "{66919751-B555-4D4E-91F9-B12DA088DF8F}"
EndProject
Project("{8BC9CEB8-8B4A-11D0-8D11-00A0C91BC942}") = "多校3", "多校3\多校3.vcxproj", "{E8C3EA22-4E3D-4BE8-BC24-E77487122BB5}"
EndProject
Project("{8BC9CEB8-8B4A-11D0-8D11-00A0C91BC942}") = "CF 373", "CF 373\CF 373.vcxproj", "{0D194914-4DCA-429F-B9E9-06FF3DF06738}"
EndProject
Project("{8BC9CEB8-8B4A-11D0-8D11-00A0C91BC942}") = "[kuangbin带你飞]专题十四 数论基础", "[kuangbin带你飞]专题十四 数论基础\[kuangbin带你飞]专题十四 数论基础.vcxproj", "{FCAD218D-E5DC-4C49-8FB2-FED93E32110A}"
EndProject
Project("{8BC9CEB8-8B4A-11D0-8D11-00A0C91BC942}") = "51nod", "51nod\51nod.vcxproj", "{C3847E3A-232E-4E09-8C80-CEFD8E7CEA46}"
EndProject
Project("{8BC9CEB8-8B4A-11D0-8D11-00A0C91BC942}") = "[kuangbin带你飞]专题五 并查集", "[kuangbin带你飞]专题五 并查集\[kuangbin带你飞]专题五 并查集.vcxproj", "{CFB31DD2-F0F5-4200-B280-31B5E9C8A688}"
EndProject
Project("{8BC9CEB8-8B4A-11D0-8D11-00A0C91BC942}") = "多校4", "多校4\多校4.vcxproj", "{7FA25176-8AAD-4DBD-BB1F-4CA0E4AC446A}"
EndProject
Project("{8BC9CEB8-8B4A-11D0-8D11-00A0C91BC942}") = "cf  education 26", "cf  education 26\cf  education 26.vcxproj", "{CB6F563B-02EA-4073-8882-150FB702906F}"
EndProject
Project("{8BC9CEB8-8B4A-11D0-8D11-00A0C91BC942}") = "计数原理", "计数原理\计数原理.vcxproj", "{1C0CD290-5E15-4742-9678-B58B3129DFD9}"
EndProject
Project("{8BC9CEB8-8B4A-11D0-8D11-00A0C91BC942}") = "[kuangbin带你飞]专题十二 基础DP1", "[kuangbin带你飞]专题十二 基础DP1\[kuangbin带你飞]专题十二 基础DP1.vcxproj", "{91424877-71E0-4D94-A214-7D9912CEDEC5}"
EndProject
Project("{8BC9CEB8-8B4A-11D0-8D11-00A0C91BC942}") = "百度之星", "百度之星\百度之星.vcxproj", "{94442D16-4476-490F-829E-F49FE8AB1E92}"
EndProject
Project("{8BC9CEB8-8B4A-11D0-8D11-00A0C91BC942}") = "[kuangbin带你飞]专题六 最小生成树", "[kuangbin带你飞]专题六 最小生成树\[kuangbin带你飞]专题六 最小生成树.vcxproj", "{868B15DB-69DF-4D87-B454-902C2486549E}"
EndProject
Global
	GlobalSection(SolutionConfigurationPlatforms) = preSolution
		Debug|x64 = Debug|x64
		Debug|x86 = Debug|x86
		Release|x64 = Release|x64
		Release|x86 = Release|x86
	EndGlobalSection
	GlobalSection(ProjectConfigurationPlatforms) = postSolution
		{5DB20612-9E66-4A4D-8EDD-046E657232AB}.Debug|x64.ActiveCfg = Debug|x64
		{5DB20612-9E66-4A4D-8EDD-046E657232AB}.Debug|x64.Build.0 = Debug|x64
		{5DB20612-9E66-4A4D-8EDD-046E657232AB}.Debug|x86.ActiveCfg = Debug|Win32
		{5DB20612-9E66-4A4D-8EDD-046E657232AB}.Debug|x86.Build.0 = Debug|Win32
		{5DB20612-9E66-4A4D-8EDD-046E657232AB}.Release|x64.ActiveCfg = Release|x64
		{5DB20612-9E66-4A4D-8EDD-046E657232AB}.Release|x64.Build.0 = Release|x64
		{5DB20612-9E66-4A4D-8EDD-046E657232AB}.Release|x86.ActiveCfg = Release|Win32
		{5DB20612-9E66-4A4D-8EDD-046E657232AB}.Release|x86.Build.0 = Release|Win32
		{3672D5D4-E48A-4047-9596-C51A27169559}.Debug|x64.ActiveCfg = Debug|x64
		{3672D5D4-E48A-4047-9596-C51A27169559}.Debug|x64.Build.0 = Debug|x64
		{3672D5D4-E48A-4047-9596-C51A27169559}.Debug|x86.ActiveCfg = Debug|Win32
		{3672D5D4-E48A-4047-9596-C51A27169559}.Debug|x86.Build.0 = Debug|Win32
		{3672D5D4-E48A-4047-9596-C51A27169559}.Release|x64.ActiveCfg = Release|x64
		{3672D5D4-E48A-4047-9596-C51A27169559}.Release|x64.Build.0 = Release|x64
		{3672D5D4-E48A-4047-9596-C51A27169559}.Release|x86.ActiveCfg = Release|Win32
		{3672D5D4-E48A-4047-9596-C51A27169559}.Release|x86.Build.0 = Release|Win32
		{66919751-B555-4D4E-91F9-B12DA088DF8F}.Debug|x64.ActiveCfg = Debug|x64
		{66919751-B555-4D4E-91F9-B12DA088DF8F}.Debug|x64.Build.0 = Debug|x64
		{66919751-B555-4D4E-91F9-B12DA088DF8F}.Debug|x86.ActiveCfg = Debug|Win32
		{66919751-B555-4D4E-91F9-B12DA088DF8F}.Debug|x86.Build.0 = Debug|Win32
		{66919751-B555-4D4E-91F9-B12DA088DF8F}.Release|x64.ActiveCfg = Release|x64
		{66919751-B555-4D4E-91F9-B12DA088DF8F}.Release|x64.Build.0 = Release|x64
		{66919751-B555-4D4E-91F9-B12DA088DF8F}.Release|x86.ActiveCfg = Release|Win32
		{66919751-B555-4D4E-91F9-B12DA088DF8F}.Release|x86.Build.0 = Release|Win32
		{E8C3EA22-4E3D-4BE8-BC24-E77487122BB5}.Debug|x64.ActiveCfg = Debug|x64
		{E8C3EA22-4E3D-4BE8-BC24-E77487122BB5}.Debug|x64.Build.0 = Debug|x64
		{E8C3EA22-4E3D-4BE8-BC24-E77487122BB5}.Debug|x86.ActiveCfg = Debug|Win32
		{E8C3EA22-4E3D-4BE8-BC24-E77487122BB5}.Debug|x86.Build.0 = Debug|Win32
		{E8C3EA22-4E3D-4BE8-BC24-E77487122BB5}.Release|x64.ActiveCfg = Release|x64
		{E8C3EA22-4E3D-4BE8-BC24-E77487122BB5}.Release|x64.Build.0 = Release|x64
		{E8C3EA22-4E3D-4BE8-BC24-E77487122BB5}.Release|x86.ActiveCfg = Release|Win32
		{E8C3EA22-4E3D-4BE8-BC24-E77487122BB5}.Release|x86.Build.0 = Release|Win32
		{0D194914-4DCA-429F-B9E9-06FF3DF06738}.Debug|x64.ActiveCfg = Debug|x64
		{0D194914-4DCA-429F-B9E9-06FF3DF06738}.Debug|x64.Build.0 = Debug|x64
		{0D194914-4DCA-429F-B9E9-06FF3DF06738}.Debug|x86.ActiveCfg = Debug|Win32
		{0D194914-4DCA-429F-B9E9-06FF3DF06738}.Debug|x86.Build.0 = Debug|Win32
		{0D194914-4DCA-429F-B9E9-06FF3DF06738}.Release|x64.ActiveCfg = Release|x64
		{0D194914-4DCA-429F-B9E9-06FF3DF06738}.Release|x64.Build.0 = Release|x64
		{0D194914-4DCA-429F-B9E9-06FF3DF06738}.Release|x86.ActiveCfg = Release|Win32
		{0D194914-4DCA-429F-B9E9-06FF3DF06738}.Release|x86.Build.0 = Release|Win32
		{FCAD218D-E5DC-4C49-8FB2-FED93E32110A}.Debug|x64.ActiveCfg = Debug|x64
		{FCAD218D-E5DC-4C49-8FB2-FED93E32110A}.Debug|x64.Build.0 = Debug|x64
		{FCAD218D-E5DC-4C49-8FB2-FED93E32110A}.Debug|x86.ActiveCfg = Debug|Win32
		{FCAD218D-E5DC-4C49-8FB2-FED93E32110A}.Debug|x86.Build.0 = Debug|Win32
		{FCAD218D-E5DC-4C49-8FB2-FED93E32110A}.Release|x64.ActiveCfg = Release|x64
		{FCAD218D-E5DC-4C49-8FB2-FED93E32110A}.Release|x64.Build.0 = Release|x64
		{FCAD218D-E5DC-4C49-8FB2-FED93E32110A}.Release|x86.ActiveCfg = Release|Win32
		{FCAD218D-E5DC-4C49-8FB2-FED93E32110A}.Release|x86.Build.0 = Release|Win32
		{C3847E3A-232E-4E09-8C80-CEFD8E7CEA46}.Debug|x64.ActiveCfg = Debug|x64
		{C3847E3A-232E-4E09-8C80-CEFD8E7CEA46}.Debug|x64.Build.0 = Debug|x64
		{C3847E3A-232E-4E09-8C80-CEFD8E7CEA46}.Debug|x86.ActiveCfg = Debug|Win32
		{C3847E3A-232E-4E09-8C80-CEFD8E7CEA46}.Debug|x86.Build.0 = Debug|Win32
		{C3847E3A-232E-4E09-8C80-CEFD8E7CEA46}.Release|x64.ActiveCfg = Release|x64
		{C3847E3A-232E-4E09-8C80-CEFD8E7CEA46}.Release|x64.Build.0 = Release|x64
		{C3847E3A-232E-4E09-8C80-CEFD8E7CEA46}.Release|x86.ActiveCfg = Release|Win32
		{C3847E3A-232E-4E09-8C80-CEFD8E7CEA46}.Release|x86.Build.0 = Release|Win32
		{CFB31DD2-F0F5-4200-B280-31B5E9C8A688}.Debug|x64.ActiveCfg = Debug|x64
		{CFB31DD2-F0F5-4200-B280-31B5E9C8A688}.Debug|x64.Build.0 = Debug|x64
		{CFB31DD2-F0F5-4200-B280-31B5E9C8A688}.Debug|x86.ActiveCfg = Debug|Win32
		{CFB31DD2-F0F5-4200-B280-31B5E9C8A688}.Debug|x86.Build.0 = Debug|Win32
		{CFB31DD2-F0F5-4200-B280-31B5E9C8A688}.Release|x64.ActiveCfg = Release|x64
		{CFB31DD2-F0F5-4200-B280-31B5E9C8A688}.Release|x64.Build.0 = Release|x64
		{CFB31DD2-F0F5-4200-B280-31B5E9C8A688}.Release|x86.ActiveCfg = Release|Win32
		{CFB31DD2-F0F5-4200-B280-31B5E9C8A688}.Release|x86.Build.0 = Release|Win32
		{7FA25176-8AAD-4DBD-BB1F-4CA0E4AC446A}.Debug|x64.ActiveCfg = Debug|x64
		{7FA25176-8AAD-4DBD-BB1F-4CA0E4AC446A}.Debug|x64.Build.0 = Debug|x64
		{7FA25176-8AAD-4DBD-BB1F-4CA0E4AC446A}.Debug|x86.ActiveCfg = Debug|Win32
		{7FA25176-8AAD-4DBD-BB1F-4CA0E4AC446A}.Debug|x86.Build.0 = Debug|Win32
		{7FA25176-8AAD-4DBD-BB1F-4CA0E4AC446A}.Release|x64.ActiveCfg = Release|x64
		{7FA25176-8AAD-4DBD-BB1F-4CA0E4AC446A}.Release|x64.Build.0 = Release|x64
		{7FA25176-8AAD-4DBD-BB1F-4CA0E4AC446A}.Release|x86.ActiveCfg = Release|Win32
		{7FA25176-8AAD-4DBD-BB1F-4CA0E4AC446A}.Release|x86.Build.0 = Release|Win32
		{CB6F563B-02EA-4073-8882-150FB702906F}.Debug|x64.ActiveCfg = Debug|x64
		{CB6F563B-02EA-4073-8882-150FB702906F}.Debug|x64.Build.0 = Debug|x64
		{CB6F563B-02EA-4073-8882-150FB702906F}.Debug|x86.ActiveCfg = Debug|Win32
		{CB6F563B-02EA-4073-8882-150FB702906F}.Debug|x86.Build.0 = Debug|Win32
		{CB6F563B-02EA-4073-8882-150FB702906F}.Release|x64.ActiveCfg = Release|x64
		{CB6F563B-02EA-4073-8882-150FB702906F}.Release|x64.Build.0 = Release|x64
		{CB6F563B-02EA-4073-8882-150FB702906F}.Release|x86.ActiveCfg = Release|Win32
		{CB6F563B-02EA-4073-8882-150FB702906F}.Release|x86.Build.0 = Release|Win32
		{1C0CD290-5E15-4742-9678-B58B3129DFD9}.Debug|x64.ActiveCfg = Debug|x64
		{1C0CD290-5E15-4742-9678-B58B3129DFD9}.Debug|x64.Build.0 = Debug|x64
		{1C0CD290-5E15-4742-9678-B58B3129DFD9}.Debug|x86.ActiveCfg = Debug|Win32
		{1C0CD290-5E15-4742-9678-B58B3129DFD9}.Debug|x86.Build.0 = Debug|Win32
		{1C0CD290-5E15-4742-9678-B58B3129DFD9}.Release|x64.ActiveCfg = Release|x64
		{1C0CD290-5E15-4742-9678-B58B3129DFD9}.Release|x64.Build.0 = Release|x64
		{1C0CD290-5E15-4742-9678-B58B3129DFD9}.Release|x86.ActiveCfg = Release|Win32
		{1C0CD290-5E15-4742-9678-B58B3129DFD9}.Release|x86.Build.0 = Release|Win32
		{91424877-71E0-4D94-A214-7D9912CEDEC5}.Debug|x64.ActiveCfg = Debug|x64
		{91424877-71E0-4D94-A214-7D9912CEDEC5}.Debug|x64.Build.0 = Debug|x64
		{91424877-71E0-4D94-A214-7D9912CEDEC5}.Debug|x86.ActiveCfg = Debug|Win32
		{91424877-71E0-4D94-A214-7D9912CEDEC5}.Debug|x86.Build.0 = Debug|Win32
		{91424877-71E0-4D94-A214-7D9912CEDEC5}.Release|x64.ActiveCfg = Release|x64
		{91424877-71E0-4D94-A214-7D9912CEDEC5}.Release|x64.Build.0 = Release|x64
		{91424877-71E0-4D94-A214-7D9912CEDEC5}.Release|x86.ActiveCfg = Release|Win32
		{91424877-71E0-4D94-A214-7D9912CEDEC5}.Release|x86.Build.0 = Release|Win32
		{94442D16-4476-490F-829E-F49FE8AB1E92}.Debug|x64.ActiveCfg = Debug|x64
		{94442D16-4476-490F-829E-F49FE8AB1E92}.Debug|x64.Build.0 = Debug|x64
		{94442D16-4476-490F-829E-F49FE8AB1E92}.Debug|x86.ActiveCfg = Debug|Win32
		{94442D16-4476-490F-829E-F49FE8AB1E92}.Debug|x86.Build.0 = Debug|Win32
		{94442D16-4476-490F-829E-F49FE8AB1E92}.Release|x64.ActiveCfg = Release|x64
		{94442D16-4476-490F-829E-F49FE8AB1E92}.Release|x64.Build.0 = Release|x64
		{94442D16-4476-490F-829E-F49FE8AB1E92}.Release|x86.ActiveCfg = Release|Win32
		{94442D16-4476-490F-829E-F49FE8AB1E92}.Release|x86.Build.0 = Release|Win32
		{868B15DB-69DF-4D87-B454-902C2486549E}.Debug|x64.ActiveCfg = Debug|x64
		{868B15DB-69DF-4D87-B454-902C2486549E}.Debug|x64.Build.0 = Debug|x64
		{868B15DB-69DF-4D87-B454-902C2486549E}.Debug|x86.ActiveCfg = Debug|Win32
		{868B15DB-69DF-4D87-B454-902C2486549E}.Debug|x86.Build.0 = Debug|Win32
		{868B15DB-69DF-4D87-B454-902C2486549E}.Release|x64.ActiveCfg = Release|x64
		{868B15DB-69DF-4D87-B454-902C2486549E}.Release|x64.Build.0 = Release|x64
		{868B15DB-69DF-4D87-B454-902C2486549E}.Release|x86.ActiveCfg = Release|Win32
		{868B15DB-69DF-4D87-B454-902C2486549E}.Release|x86.Build.0 = Release|Win32
	EndGlobalSection
	GlobalSection(SolutionProperties) = preSolution
		HideSolutionNode = FALSE
	EndGlobalSection
EndGlobal
